// !$*UTF8*$!
{
	archiveVersion = 1;
	classes = {
	};
	objectVersion = 50;
	objects = {

/* Begin PBXBuildFile section */
		D9AAB295253D7A6C00492198 /* AppDelegate.swift in Sources */ = {isa = PBXBuildFile; fileRef = D9AAB294253D7A6C00492198 /* AppDelegate.swift */; };
		D9AAB297253D7A6C00492198 /* SceneDelegate.swift in Sources */ = {isa = PBXBuildFile; fileRef = D9AAB296253D7A6C00492198 /* SceneDelegate.swift */; };
		D9AAB299253D7A6C00492198 /* ViewController.swift in Sources */ = {isa = PBXBuildFile; fileRef = D9AAB298253D7A6C00492198 /* ViewController.swift */; };
		D9AAB29C253D7A6C00492198 /* Main.storyboard in Resources */ = {isa = PBXBuildFile; fileRef = D9AAB29A253D7A6C00492198 /* Main.storyboard */; };
		D9AAB29E253D7A7000492198 /* Assets.xcassets in Resources */ = {isa = PBXBuildFile; fileRef = D9AAB29D253D7A7000492198 /* Assets.xcassets */; };
		D9AAB2A1253D7A7000492198 /* LaunchScreen.storyboard in Resources */ = {isa = PBXBuildFile; fileRef = D9AAB29F253D7A7000492198 /* LaunchScreen.storyboard */; };
		D9AAB2A9253D813300492198 /* ManagerViewController.swift in Sources */ = {isa = PBXBuildFile; fileRef = D9AAB2A8253D813300492198 /* ManagerViewController.swift */; };
		D9AAB2B3253E42D500492198 /* ResetViewController.swift in Sources */ = {isa = PBXBuildFile; fileRef = D9AAB2B2253E42D500492198 /* ResetViewController.swift */; };
		D9AAB2BC253F9D4700492198 /* TicketModal.swift in Sources */ = {isa = PBXBuildFile; fileRef = D9AAB2BB253F9D4700492198 /* TicketModal.swift */; };
		D9AAB2C1253F9DD100492198 /* DataModelManager.swift in Sources */ = {isa = PBXBuildFile; fileRef = D9AAB2C0253F9DD100492198 /* DataModelManager.swift */; };
		D9AAB2C3253FA44300492198 /* HistoryViewController.swift in Sources */ = {isa = PBXBuildFile; fileRef = D9AAB2C2253FA44300492198 /* HistoryViewController.swift */; };
		D9AAB2C5253FA46000492198 /* DetailViewController.swift in Sources */ = {isa = PBXBuildFile; fileRef = D9AAB2C4253FA46000492198 /* DetailViewController.swift */; };
		D9AAB2C7253FAFFD00492198 /* HistoryModal.swift in Sources */ = {isa = PBXBuildFile; fileRef = D9AAB2C6253FAFFD00492198 /* HistoryModal.swift */; };
/* End PBXBuildFile section */

/* Begin PBXFileReference section */
		D9AAB291253D7A6C00492198 /* RaptorsTicketApp.app */ = {isa = PBXFileReference; explicitFileType = wrapper.application; includeInIndex = 0; path = RaptorsTicketApp.app; sourceTree = BUILT_PRODUCTS_DIR; };
		D9AAB294253D7A6C00492198 /* AppDelegate.swift */ = {isa = PBXFileReference; lastKnownFileType = sourcecode.swift; path = AppDelegate.swift; sourceTree = "<group>"; };
		D9AAB296253D7A6C00492198 /* SceneDelegate.swift */ = {isa = PBXFileReference; lastKnownFileType = sourcecode.swift; path = SceneDelegate.swift; sourceTree = "<group>"; };
		D9AAB298253D7A6C00492198 /* ViewController.swift */ = {isa = PBXFileReference; lastKnownFileType = sourcecode.swift; path = ViewController.swift; sourceTree = "<group>"; };
		D9AAB29B253D7A6C00492198 /* Base */ = {isa = PBXFileReference; lastKnownFileType = file.storyboard; name = Base; path = Base.lproj/Main.storyboard; sourceTree = "<group>"; };
		D9AAB29D253D7A7000492198 /* Assets.xcassets */ = {isa = PBXFileReference; lastKnownFileType = folder.assetcatalog; path = Assets.xcassets; sourceTree = "<group>"; };
		D9AAB2A0253D7A7000492198 /* Base */ = {isa = PBXFileReference; lastKnownFileType = file.storyboard; name = Base; path = Base.lproj/LaunchScreen.storyboard; sourceTree = "<group>"; };
		D9AAB2A2253D7A7000492198 /* Info.plist */ = {isa = PBXFileReference; lastKnownFileType = text.plist.xml; path = Info.plist; sourceTree = "<group>"; };
		D9AAB2A8253D813300492198 /* ManagerViewController.swift */ = {isa = PBXFileReference; lastKnownFileType = sourcecode.swift; path = ManagerViewController.swift; sourceTree = "<group>"; };
		D9AAB2B2253E42D500492198 /* ResetViewController.swift */ = {isa = PBXFileReference; lastKnownFileType = sourcecode.swift; path = ResetViewController.swift; sourceTree = "<group>"; };
		D9AAB2BB253F9D4700492198 /* TicketModal.swift */ = {isa = PBXFileReference; lastKnownFileType = sourcecode.swift; path = TicketModal.swift; sourceTree = "<group>"; };
		D9AAB2C0253F9DD100492198 /* DataModelManager.swift */ = {isa = PBXFileReference; lastKnownFileType = sourcecode.swift; path = DataModelManager.swift; sourceTree = "<group>"; };
		D9AAB2C2253FA44300492198 /* HistoryViewController.swift */ = {isa = PBXFileReference; lastKnownFileType = sourcecode.swift; path = HistoryViewController.swift; sourceTree = "<group>"; };
		D9AAB2C4253FA46000492198 /* DetailViewController.swift */ = {isa = PBXFileReference; lastKnownFileType = sourcecode.swift; path = DetailViewController.swift; sourceTree = "<group>"; };
		D9AAB2C6253FAFFD00492198 /* HistoryModal.swift */ = {isa = PBXFileReference; lastKnownFileType = sourcecode.swift; path = HistoryModal.swift; sourceTree = "<group>"; };
/* End PBXFileReference section */

/* Begin PBXFrameworksBuildPhase section */
		D9AAB28E253D7A6C00492198 /* Frameworks */ = {
			isa = PBXFrameworksBuildPhase;
			buildActionMask = 2147483647;
			files = (
			);
			runOnlyForDeploymentPostprocessing = 0;
		};
/* End PBXFrameworksBuildPhase section */

/* Begin PBXGroup section */
		D9AAB288253D7A6C00492198 = {
			isa = PBXGroup;
			children = (
				D9AAB293253D7A6C00492198 /* RaptorsTicketApp */,
				D9AAB292253D7A6C00492198 /* Products */,
			);
			sourceTree = "<group>";
		};
		D9AAB292253D7A6C00492198 /* Products */ = {
			isa = PBXGroup;
			children = (
				D9AAB291253D7A6C00492198 /* RaptorsTicketApp.app */,
			);
			name = Products;
			sourceTree = "<group>";
		};
		D9AAB293253D7A6C00492198 /* RaptorsTicketApp */ = {
			isa = PBXGroup;
			children = (
				D9AAB2B4253EA91B00492198 /* VC */,
				D9AAB294253D7A6C00492198 /* AppDelegate.swift */,
				D9AAB296253D7A6C00492198 /* SceneDelegate.swift */,
				D9AAB29A253D7A6C00492198 /* Main.storyboard */,
				D9AAB29D253D7A7000492198 /* Assets.xcassets */,
				D9AAB29F253D7A7000492198 /* LaunchScreen.storyboard */,
				D9AAB2A2253D7A7000492198 /* Info.plist */,
				D9AAB2BD253F9D4C00492198 /* M */,
			);
			path = RaptorsTicketApp;
			sourceTree = "<group>";
		};
		D9AAB2B4253EA91B00492198 /* VC */ = {
			isa = PBXGroup;
			children = (
				D9AAB2A8253D813300492198 /* ManagerViewController.swift */,
				D9AAB2B2253E42D500492198 /* ResetViewController.swift */,
				D9AAB298253D7A6C00492198 /* ViewController.swift */,
				D9AAB2C2253FA44300492198 /* HistoryViewController.swift */,
				D9AAB2C4253FA46000492198 /* DetailViewController.swift */,
			);
			path = VC;
			sourceTree = "<group>";
		};
		D9AAB2BD253F9D4C00492198 /* M */ = {
			isa = PBXGroup;
			children = (
				D9AAB2BB253F9D4700492198 /* TicketModal.swift */,
				D9AAB2C6253FAFFD00492198 /* HistoryModal.swift */,
				D9AAB2C0253F9DD100492198 /* DataModelManager.swift */,
			);
			path = M;
			sourceTree = "<group>";
		};
/* End PBXGroup section */

/* Begin PBXNativeTarget section */
		D9AAB290253D7A6C00492198 /* RaptorsTicketApp */ = {
			isa = PBXNativeTarget;
			buildConfigurationList = D9AAB2A5253D7A7000492198 /* Build configuration list for PBXNativeTarget "RaptorsTicketApp" */;
			buildPhases = (
				D9AAB28D253D7A6C00492198 /* Sources */,
				D9AAB28E253D7A6C00492198 /* Frameworks */,
				D9AAB28F253D7A6C00492198 /* Resources */,
			);
			buildRules = (
			);
			dependencies = (
			);
			name = RaptorsTicketApp;
			productName = RaptorsTicketApp;
			productReference = D9AAB291253D7A6C00492198 /* RaptorsTicketApp.app */;
			productType = "com.apple.product-type.application";
		};
/* End PBXNativeTarget section */

/* Begin PBXProject section */
		D9AAB289253D7A6C00492198 /* Project object */ = {
			isa = PBXProject;
			attributes = {
				LastSwiftUpdateCheck = 1170;
				LastUpgradeCheck = 1170;
				ORGANIZATIONNAME = "Muskan Shinh";
				TargetAttributes = {
					D9AAB290253D7A6C00492198 = {
						CreatedOnToolsVersion = 11.7;
					};
				};
			};
			buildConfigurationList = D9AAB28C253D7A6C00492198 /* Build configuration list for PBXProject "RaptorsTicketApp" */;
			compatibilityVersion = "Xcode 9.3";
			developmentRegion = en;
			hasScannedForEncodings = 0;
			knownRegions = (
				en,
				Base,
			);
			mainGroup = D9AAB288253D7A6C00492198;
			productRefGroup = D9AAB292253D7A6C00492198 /* Products */;
			projectDirPath = "";
			projectRoot = "";
			targets = (
				D9AAB290253D7A6C00492198 /* RaptorsTicketApp */,
			);
		};
/* End PBXProject section */

/* Begin PBXResourcesBuildPhase section */
		D9AAB28F253D7A6C00492198 /* Resources */ = {
			isa = PBXResourcesBuildPhase;
			buildActionMask = 2147483647;
			files = (
				D9AAB2A1253D7A7000492198 /* LaunchScreen.storyboard in Resources */,
				D9AAB29E253D7A7000492198 /* Assets.xcassets in Resources */,
				D9AAB29C253D7A6C00492198 /* Main.storyboard in Resources */,
			);
			runOnlyForDeploymentPostprocessing = 0;
		};
/* End PBXResourcesBuildPhase section */

/* Begin PBXSourcesBuildPhase section */
		D9AAB28D253D7A6C00492198 /* Sources */ = {
			isa = PBXSourcesBuildPhase;
			buildActionMask = 2147483647;
			files = (
				D9AAB2C5253FA46000492198 /* DetailViewController.swift in Sources */,
				D9AAB2A9253D813300492198 /* ManagerViewController.swift in Sources */,
				D9AAB299253D7A6C00492198 /* ViewController.swift in Sources */,
				D9AAB295253D7A6C00492198 /* AppDelegate.swift in Sources */,
				D9AAB2B3253E42D500492198 /* ResetViewController.swift in Sources */,
				D9AAB2C1253F9DD100492198 /* DataModelManager.swift in Sources */,
				D9AAB2C7253FAFFD00492198 /* HistoryModal.swift in Sources */,
				D9AAB2BC253F9D4700492198 /* TicketModal.swift in Sources */,
				D9AAB297253D7A6C00492198 /* SceneDelegate.swift in Sources */,
				D9AAB2C3253FA44300492198 /* HistoryViewController.swift in Sources */,
			);
			runOnlyForDeploymentPostprocessing = 0;
		};
/* End PBXSourcesBuildPhase section */

/* Begin PBXVariantGroup section */
		D9AAB29A253D7A6C00492198 /* Main.storyboard */ = {
			isa = PBXVariantGroup;
			children = (
				D9AAB29B253D7A6C00492198 /* Base */,
			);
			name = Main.storyboard;
			sourceTree = "<group>";
		};
		D9AAB29F253D7A7000492198 /* LaunchScreen.storyboard */ = {
			isa = PBXVariantGroup;
			children = (
				D9AAB2A0253D7A7000492198 /* Base */,
			);
			name = LaunchScreen.storyboard;
			sourceTree = "<group>";
		};
/* End PBXVariantGroup section */

/* Begin XCBuildConfiguration section */
		D9AAB2A3253D7A7000492198 /* Debug */ = {
			isa = XCBuildConfiguration;
			buildSettings = {
				ALWAYS_SEARCH_USER_PATHS = NO;
				CLANG_ANALYZER_NONNULL = YES;
				CLANG_ANALYZER_NUMBER_OBJECT_CONVERSION = YES_AGGRESSIVE;
				CLANG_CXX_LANGUAGE_STANDARD = "gnu++14";
				CLANG_CXX_LIBRARY = "libc++";
				CLANG_ENABLE_MODULES = YES;
				CLANG_ENABLE_OBJC_ARC = YES;
				CLANG_ENABLE_OBJC_WEAK = YES;
				CLANG_WARN_BLOCK_CAPTURE_AUTORELEASING = YES;
				CLANG_WARN_BOOL_CONVERSION = YES;
				CLANG_WARN_COMMA = YES;
				CLANG_WARN_CONSTANT_CONVERSION = YES;
				CLANG_WARN_DEPRECATED_OBJC_IMPLEMENTATIONS = YES;
				CLANG_WARN_DIRECT_OBJC_ISA_USAGE = YES_ERROR;
				CLANG_WARN_DOCUMENTATION_COMMENTS = YES;
				CLANG_WARN_EMPTY_BODY = YES;
				CLANG_WARN_ENUM_CONVERSION = YES;
				CLANG_WARN_INFINITE_RECURSION = YES;
				CLANG_WARN_INT_CONVERSION = YES;
				CLANG_WARN_NON_LITERAL_NULL_CONVERSION = YES;
				CLANG_WARN_OBJC_IMPLICIT_RETAIN_SELF = YES;
				CLANG_WARN_OBJC_LITERAL_CONVERSION = YES;
				CLANG_WARN_OBJC_ROOT_CLASS = YES_ERROR;
				CLANG_WARN_RANGE_LOOP_ANALYSIS = YES;
				CLANG_WARN_STRICT_PROTOTYPES = YES;
				CLANG_WARN_SUSPICIOUS_MOVE = YES;
				CLANG_WARN_UNGUARDED_AVAILABILITY = YES_AGGRESSIVE;
				CLANG_WARN_UNREACHABLE_CODE = YES;
				CLANG_WARN__DUPLICATE_METHOD_MATCH = YES;
				COPY_PHASE_STRIP = NO;
				DEBUG_INFORMATION_FORMAT = dwarf;
				ENABLE_STRICT_OBJC_MSGSEND = YES;
				ENABLE_TESTABILITY = YES;
				GCC_C_LANGUAGE_STANDARD = gnu11;
				GCC_DYNAMIC_NO_PIC = NO;
				GCC_NO_COMMON_BLOCKS = YES;
				GCC_OPTIMIZATION_LEVEL = 0;
				GCC_PREPROCESSOR_DEFINITIONS = (
					"DEBUG=1",
					"$(inherited)",
				);
				GCC_WARN_64_TO_32_BIT_CONVERSION = YES;
				GCC_WARN_ABOUT_RETURN_TYPE = YES_ERROR;
				GCC_WARN_UNDECLARED_SELECTOR = YES;
				GCC_WARN_UNINITIALIZED_AUTOS = YES_AGGRESSIVE;
				GCC_WARN_UNUSED_FUNCTION = YES;
				GCC_WARN_UNUSED_VARIABLE = YES;
				IPHONEOS_DEPLOYMENT_TARGET = 13.7;
				MTL_ENABLE_DEBUG_INFO = INCLUDE_SOURCE;
				MTL_FAST_MATH = YES;
				ONLY_ACTIVE_ARCH = YES;
				SDKROOT = iphoneos;
				SWIFT_ACTIVE_COMPILATION_CONDITIONS = DEBUG;
				SWIFT_OPTIMIZATION_LEVEL = "-Onone";
			};
			name = Debug;
		};
		D9AAB2A4253D7A7000492198 /* Release */ = {
			isa = XCBuildConfiguration;
			buildSettings = {
				ALWAYS_SEARCH_USER_PATHS = NO;
				CLANG_ANALYZER_NONNULL = YES;
				CLANG_ANALYZER_NUMBER_OBJECT_CONVERSION = YES_AGGRESSIVE;
				CLANG_CXX_LANGUAGE_STANDARD = "gnu++14";
				CLANG_CXX_LIBRARY = "libc++";
				CLANG_ENABLE_MODULES = YES;
				CLANG_ENABLE_OBJC_ARC = YES;
				CLANG_ENABLE_OBJC_WEAK = YES;
				CLANG_WARN_BLOCK_CAPTURE_AUTORELEASING = YES;
				CLANG_WARN_BOOL_CONVERSION = YES;
				CLANG_WARN_COMMA = YES;
				CLANG_WARN_CONSTANT_CONVERSION = YES;
				CLANG_WARN_DEPRECATED_OBJC_IMPLEMENTATIONS = YES;
				CLANG_WARN_DIRECT_OBJC_ISA_USAGE = YES_ERROR;
				CLANG_WARN_DOCUMENTATION_COMMENTS = YES;
				CLANG_WARN_EMPTY_BODY = YES;
				CLANG_WARN_ENUM_CONVERSION = YES;
				CLANG_WARN_INFINITE_RECURSION = YES;
				CLANG_WARN_INT_CONVERSION = YES;
				CLANG_WARN_NON_LITERAL_NULL_CONVERSION = YES;
				CLANG_WARN_OBJC_IMPLICIT_RETAIN_SELF = YES;
				CLANG_WARN_OBJC_LITERAL_CONVERSION = YES;
				CLANG_WARN_OBJC_ROOT_CLASS = YES_ERROR;
				CLANG_WARN_RANGE_LOOP_ANALYSIS = YES;
				CLANG_WARN_STRICT_PROTOTYPES = YES;
				CLANG_WARN_SUSPICIOUS_MOVE = YES;
				CLANG_WARN_UNGUARDED_AVAILABILITY = YES_AGGRESSIVE;
				CLANG_WARN_UNREACHABLE_CODE = YES;
				CLANG_WARN__DUPLICATE_METHOD_MATCH = YES;
				COPY_PHASE_STRIP = NO;
				DEBUG_INFORMATION_FORMAT = "dwarf-with-dsym";
				ENABLE_NS_ASSERTIONS = NO;
				ENABLE_STRICT_OBJC_MSGSEND = YES;
				GCC_C_LANGUAGE_STANDARD = gnu11;
				GCC_NO_COMMON_BLOCKS = YES;
				GCC_WARN_64_TO_32_BIT_CONVERSION = YES;
				GCC_WARN_ABOUT_RETURN_TYPE = YES_ERROR;
				GCC_WARN_UNDECLARED_SELECTOR = YES;
				GCC_WARN_UNINITIALIZED_AUTOS = YES_AGGRESSIVE;
				GCC_WARN_UNUSED_FUNCTION = YES;
				GCC_WARN_UNUSED_VARIABLE = YES;
				IPHONEOS_DEPLOYMENT_TARGET = 13.7;
				MTL_ENABLE_DEBUG_INFO = NO;
				MTL_FAST_MATH = YES;
				SDKROOT = iphoneos;
				SWIFT_COMPILATION_MODE = wholemodule;
				SWIFT_OPTIMIZATION_LEVEL = "-O";
				VALIDATE_PRODUCT = YES;
			};
			name = Release;
		};
		D9AAB2A6253D7A7000492198 /* Debug */ = {
			isa = XCBuildConfiguration;
			buildSettings = {
				ASSETCATALOG_COMPILER_APPICON_NAME = AppIcon;
				CODE_SIGN_STYLE = Automatic;
				INFOPLIST_FILE = RaptorsTicketApp/Info.plist;
				LD_RUNPATH_SEARCH_PATHS = (
					"$(inherited)",
					"@executable_path/Frameworks",
				);
				PRODUCT_BUNDLE_IDENTIFIER = ca.sencacollege.RaptorsTicketApp;
				PRODUCT_NAME = "$(TARGET_NAME)";
				SWIFT_VERSION = 5.0;
				TARGETED_DEVICE_FAMILY = "1,2";
			};
			name = Debug;
		};
		D9AAB2A7253D7A7000492198 /* Release */ = {
			isa = XCBuildConfiguration;
			buildSettings = {
				ASSETCATALOG_COMPILER_APPICON_NAME = AppIcon;
				CODE_SIGN_STYLE = Automatic;
				INFOPLIST_FILE = RaptorsTicketApp/Info.plist;
				LD_RUNPATH_SEARCH_PATHS = (
					"$(inherited)",
					"@executable_path/Frameworks",
				);
				PRODUCT_BUNDLE_IDENTIFIER = ca.sencacollege.RaptorsTicketApp;
				PRODUCT_NAME = "$(TARGET_NAME)";
				SWIFT_VERSION = 5.0;
				TARGETED_DEVICE_FAMILY = "1,2";
			};
			name = Release;
		};
/* End XCBuildConfiguration section */

/* Begin XCConfigurationList section */
		D9AAB28C253D7A6C00492198 /* Build configuration list for PBXProject "RaptorsTicketApp" */ = {
			isa = XCConfigurationList;
			buildConfigurations = (
				D9AAB2A3253D7A7000492198 /* Debug */,
				D9AAB2A4253D7A7000492198 /* Release */,
			);
			defaultConfigurationIsVisible = 0;
			defaultConfigurationName = Release;
		};
		D9AAB2A5253D7A7000492198 /* Build configuration list for PBXNativeTarget "RaptorsTicketApp" */ = {
			isa = XCConfigurationList;
			buildConfigurations = (
				D9AAB2A6253D7A7000492198 /* Debug */,
				D9AAB2A7253D7A7000492198 /* Release */,
			);
			defaultConfigurationIsVisible = 0;
			defaultConfigurationName = Release;
		};
/* End XCConfigurationList section */
	};
	rootObject = D9AAB289253D7A6C00492198 /* Project object */;
}
